
Microsoft Visual Studio Solution File, Format Version 12.00
# Visual Studio Version 17
VisualStudioVersion = 17.11.35312.102
MinimumVisualStudioVersion = 10.0.40219.1
Project("{2150E333-8FDC-42A3-9474-1A3956D46DE8}") = "Task0", "Task0", "{5FA06537-1D47-45E4-9E8D-08F7D18E6DEB}"
EndProject
Project("{FAE04EC0-301F-11D3-BF4B-00C04F79EFBC}") = "Tyuiu.KorobeinikovaDD.Sprint3.Task0.V20", "Tyuiu.KorobeinikovaDD.Sprint3.Task0.V20\Tyuiu.KorobeinikovaDD.Sprint3.Task0.V20.csproj", "{CFA1B143-347A-477E-96C7-9F2010FD0EEA}"
EndProject
Project("{FAE04EC0-301F-11D3-BF4B-00C04F79EFBC}") = "Tyuiu.KorobeinikovaDD.Sprint3.Task0.V20.Lib", "Tyuiu.KorobeinikovaDD.Sprint3.Task0.V20.Lib\Tyuiu.KorobeinikovaDD.Sprint3.Task0.V20.Lib.csproj", "{4FCC9DFE-DDED-4E96-B679-8C21BBDE23F6}"
EndProject
Project("{FAE04EC0-301F-11D3-BF4B-00C04F79EFBC}") = "Tyuiu.KorobeinikovaDD.Sprint3.Task0.V20.Test", "Tyuiu.KorobeinikovaDD.Sprint3.Task0.V20.Test\Tyuiu.KorobeinikovaDD.Sprint3.Task0.V20.Test.csproj", "{1E44B49E-8949-4CE8-AD4F-E361C16E4325}"
EndProject
Global
	GlobalSection(SolutionConfigurationPlatforms) = preSolution
		Debug|Any CPU = Debug|Any CPU
		Release|Any CPU = Release|Any CPU
	EndGlobalSection
	GlobalSection(ProjectConfigurationPlatforms) = postSolution
		{CFA1B143-347A-477E-96C7-9F2010FD0EEA}.Debug|Any CPU.ActiveCfg = Debug|Any CPU
		{CFA1B143-347A-477E-96C7-9F2010FD0EEA}.Debug|Any CPU.Build.0 = Debug|Any CPU
		{CFA1B143-347A-477E-96C7-9F2010FD0EEA}.Release|Any CPU.ActiveCfg = Release|Any CPU
		{CFA1B143-347A-477E-96C7-9F2010FD0EEA}.Release|Any CPU.Build.0 = Release|Any CPU
		{4FCC9DFE-DDED-4E96-B679-8C21BBDE23F6}.Debug|Any CPU.ActiveCfg = Debug|Any CPU
		{4FCC9DFE-DDED-4E96-B679-8C21BBDE23F6}.Debug|Any CPU.Build.0 = Debug|Any CPU
		{4FCC9DFE-DDED-4E96-B679-8C21BBDE23F6}.Release|Any CPU.ActiveCfg = Release|Any CPU
		{4FCC9DFE-DDED-4E96-B679-8C21BBDE23F6}.Release|Any CPU.Build.0 = Release|Any CPU
		{1E44B49E-8949-4CE8-AD4F-E361C16E4325}.Debug|Any CPU.ActiveCfg = Debug|Any CPU
		{1E44B49E-8949-4CE8-AD4F-E361C16E4325}.Debug|Any CPU.Build.0 = Debug|Any CPU
		{1E44B49E-8949-4CE8-AD4F-E361C16E4325}.Release|Any CPU.ActiveCfg = Release|Any CPU
		{1E44B49E-8949-4CE8-AD4F-E361C16E4325}.Release|Any CPU.Build.0 = Release|Any CPU
	EndGlobalSection
	GlobalSection(SolutionProperties) = preSolution
		HideSolutionNode = FALSE
	EndGlobalSection
	GlobalSection(NestedProjects) = preSolution
		{CFA1B143-347A-477E-96C7-9F2010FD0EEA} = {5FA06537-1D47-45E4-9E8D-08F7D18E6DEB}
		{4FCC9DFE-DDED-4E96-B679-8C21BBDE23F6} = {5FA06537-1D47-45E4-9E8D-08F7D18E6DEB}
		{1E44B49E-8949-4CE8-AD4F-E361C16E4325} = {5FA06537-1D47-45E4-9E8D-08F7D18E6DEB}
	EndGlobalSection
	GlobalSection(ExtensibilityGlobals) = postSolution
		SolutionGuid = {B798FDE4-6A5A-445F-A93A-A16D4C326922}
	EndGlobalSection
EndGlobal
