
Microsoft Visual Studio Solution File, Format Version 12.00
# Visual Studio Version 17
VisualStudioVersion = 17.11.35312.102
MinimumVisualStudioVersion = 10.0.40219.1
Project("{2150E333-8FDC-42A3-9474-1A3956D46DE8}") = "Task0", "Task0", "{5FA06537-1D47-45E4-9E8D-08F7D18E6DEB}"
EndProject
Project("{9A19103F-16F7-4668-BE54-9A1E7A4F7556}") = "Tyuiu.KorobeinikovaDD.Sprint3.Task0.V20", "Tyuiu.KorobeinikovaDD.Sprint3.Task0.V20\Tyuiu.KorobeinikovaDD.Sprint3.Task0.V20.csproj", "{CFA1B143-347A-477E-96C7-9F2010FD0EEA}"
EndProject
Project("{9A19103F-16F7-4668-BE54-9A1E7A4F7556}") = "Tyuiu.KorobeinikovaDD.Sprint3.Task0.V20.Lib", "Tyuiu.KorobeinikovaDD.Sprint3.Task0.V20.Lib\Tyuiu.KorobeinikovaDD.Sprint3.Task0.V20.Lib.csproj", "{4FCC9DFE-DDED-4E96-B679-8C21BBDE23F6}"
EndProject
Project("{9A19103F-16F7-4668-BE54-9A1E7A4F7556}") = "Tyuiu.KorobeinikovaDD.Sprint3.Task0.V20.Test", "Tyuiu.KorobeinikovaDD.Sprint3.Task0.V20.Test\Tyuiu.KorobeinikovaDD.Sprint3.Task0.V20.Test.csproj", "{1E44B49E-8949-4CE8-AD4F-E361C16E4325}"
EndProject
Project("{2150E333-8FDC-42A3-9474-1A3956D46DE8}") = "Task1", "Task1", "{2AB2A348-E36F-4FDE-911F-3E1E1F68F6AE}"
EndProject
Project("{9A19103F-16F7-4668-BE54-9A1E7A4F7556}") = "Tyuiu.KorobeinikovaDD.Sprint3.Task1.V26", "Tyuiu.KorobeinikovaDD.Sprint3.Task1.V26\Tyuiu.KorobeinikovaDD.Sprint3.Task1.V26.csproj", "{7087F198-AD4C-41F6-B04A-0082B6FC05C4}"
EndProject
Project("{9A19103F-16F7-4668-BE54-9A1E7A4F7556}") = "Tyuiu.KorobeinikovaDD.Sprint3.Task1.V26.Lib", "Tyuiu.KorobeinikovaDD.Sprint3.Task1.V26.Lib\Tyuiu.KorobeinikovaDD.Sprint3.Task1.V26.Lib.csproj", "{DF864C4B-0A35-4FC5-B0E0-2B9004AA2063}"
EndProject
Project("{9A19103F-16F7-4668-BE54-9A1E7A4F7556}") = "Tyuiu.KorobeinikovaDD.Sprint3.Task1.V26.Test", "Tyuiu.KorobeinikovaDD.Sprint3.Task1.V26.Test\Tyuiu.KorobeinikovaDD.Sprint3.Task1.V26.Test.csproj", "{4B315D70-C9A2-4D82-A80F-ACF52D5D14E6}"
EndProject
Project("{2150E333-8FDC-42A3-9474-1A3956D46DE8}") = "Task2", "Task2", "{487DABA9-22D2-47DF-9093-58F6B60BDE4C}"
EndProject
Project("{9A19103F-16F7-4668-BE54-9A1E7A4F7556}") = "Tyuiu.KorobeinikovaDD.Sprint3.Task2.V8", "Tyuiu.KorobeinikovaDD.Sprint3.Task2.V8\Tyuiu.KorobeinikovaDD.Sprint3.Task2.V8.csproj", "{EC293597-488E-4598-BF30-BAA09D7AEBF0}"
EndProject
Project("{9A19103F-16F7-4668-BE54-9A1E7A4F7556}") = "Tyuiu.KorobeinikovaDD.Sprint3.Task2.V8.Lib", "Tyuiu.KorobeinikovaDD.Sprint3.Task2.V8.Lib\Tyuiu.KorobeinikovaDD.Sprint3.Task2.V8.Lib.csproj", "{9A88CD7E-57A8-46E6-9E2D-CE30A7C49ECE}"
EndProject
Project("{9A19103F-16F7-4668-BE54-9A1E7A4F7556}") = "Tyuiu.KorobeinikovaDD.Sprint3.Task2.V8.Test", "Tyuiu.KorobeinikovaDD.Sprint3.Task2.V8.Test\Tyuiu.KorobeinikovaDD.Sprint3.Task2.V8.Test.csproj", "{A70F8BAD-2903-4AD0-AD30-8D04FC6AA94C}"
EndProject
Project("{2150E333-8FDC-42A3-9474-1A3956D46DE8}") = "Task3", "Task3", "{21AD198E-9074-420F-BBAC-A3C5B3656A3B}"
EndProject
Project("{9A19103F-16F7-4668-BE54-9A1E7A4F7556}") = "Tyuiu.KorobeinikovaDD.Sprint3.Task3.V20", "Tyuiu.KorobeinikovaDD.Sprint3.Task3.V20\Tyuiu.KorobeinikovaDD.Sprint3.Task3.V20.csproj", "{720934EF-BEA1-4740-A3FC-BB8ACFCE7E4F}"
EndProject
Project("{9A19103F-16F7-4668-BE54-9A1E7A4F7556}") = "Tyuiu.KorobeinikovaDD.Sprint3.Task3.V20.Lib", "Tyuiu.KorobeinikovaDD.Sprint3.Task3.V20.Lib\Tyuiu.KorobeinikovaDD.Sprint3.Task3.V20.Lib.csproj", "{646CAB54-6221-4795-9BB0-0C205A5BB148}"
EndProject
Project("{9A19103F-16F7-4668-BE54-9A1E7A4F7556}") = "Tyuiu.KorobeinikovaDD.Sprint3.Task3.V20.Test", "Tyuiu.KorobeinikovaDD.Sprint3.Task3.V20.Test\Tyuiu.KorobeinikovaDD.Sprint3.Task3.V20.Test.csproj", "{248D6700-787C-48D8-B5D8-665A7AC115BD}"
EndProject
Project("{2150E333-8FDC-42A3-9474-1A3956D46DE8}") = "Task4", "Task4", "{F0316A4C-02F4-4D5F-B833-2D7751D50EC7}"
EndProject
Project("{FAE04EC0-301F-11D3-BF4B-00C04F79EFBC}") = "Tyuiu.KorobeinikovaDD.Sprint3.Task4.V26", "Tyuiu.KorobeinikovaDD.Sprint3.Task4.V26\Tyuiu.KorobeinikovaDD.Sprint3.Task4.V26.csproj", "{08AAC2F6-30D6-4479-A2C0-EB5F4F16A0D4}"
EndProject
Project("{FAE04EC0-301F-11D3-BF4B-00C04F79EFBC}") = "Tyuiu.KorobeinikovaDD.Sprint3.Task4.V26.Lib", "Tyuiu.KorobeinikovaDD.Sprint3.Task4.V26.Lib\Tyuiu.KorobeinikovaDD.Sprint3.Task4.V26.Lib.csproj", "{39B313AB-CF0B-4121-B458-A849C98C493B}"
EndProject
Project("{FAE04EC0-301F-11D3-BF4B-00C04F79EFBC}") = "Tyuiu.KorobeinikovaDD.Sprint3.Task4.V26.Test", "Tyuiu.KorobeinikovaDD.Sprint3.Task4.V26.Test\Tyuiu.KorobeinikovaDD.Sprint3.Task4.V26.Test.csproj", "{29C0B079-5386-42DA-8316-660B9F11518F}"
EndProject
Global
	GlobalSection(SolutionConfigurationPlatforms) = preSolution
		Debug|Any CPU = Debug|Any CPU
		Release|Any CPU = Release|Any CPU
	EndGlobalSection
	GlobalSection(ProjectConfigurationPlatforms) = postSolution
		{CFA1B143-347A-477E-96C7-9F2010FD0EEA}.Debug|Any CPU.ActiveCfg = Debug|Any CPU
		{CFA1B143-347A-477E-96C7-9F2010FD0EEA}.Debug|Any CPU.Build.0 = Debug|Any CPU
		{CFA1B143-347A-477E-96C7-9F2010FD0EEA}.Release|Any CPU.ActiveCfg = Release|Any CPU
		{CFA1B143-347A-477E-96C7-9F2010FD0EEA}.Release|Any CPU.Build.0 = Release|Any CPU
		{4FCC9DFE-DDED-4E96-B679-8C21BBDE23F6}.Debug|Any CPU.ActiveCfg = Debug|Any CPU
		{4FCC9DFE-DDED-4E96-B679-8C21BBDE23F6}.Debug|Any CPU.Build.0 = Debug|Any CPU
		{4FCC9DFE-DDED-4E96-B679-8C21BBDE23F6}.Release|Any CPU.ActiveCfg = Release|Any CPU
		{4FCC9DFE-DDED-4E96-B679-8C21BBDE23F6}.Release|Any CPU.Build.0 = Release|Any CPU
		{1E44B49E-8949-4CE8-AD4F-E361C16E4325}.Debug|Any CPU.ActiveCfg = Debug|Any CPU
		{1E44B49E-8949-4CE8-AD4F-E361C16E4325}.Debug|Any CPU.Build.0 = Debug|Any CPU
		{1E44B49E-8949-4CE8-AD4F-E361C16E4325}.Release|Any CPU.ActiveCfg = Release|Any CPU
		{1E44B49E-8949-4CE8-AD4F-E361C16E4325}.Release|Any CPU.Build.0 = Release|Any CPU
		{7087F198-AD4C-41F6-B04A-0082B6FC05C4}.Debug|Any CPU.ActiveCfg = Debug|Any CPU
		{7087F198-AD4C-41F6-B04A-0082B6FC05C4}.Debug|Any CPU.Build.0 = Debug|Any CPU
		{7087F198-AD4C-41F6-B04A-0082B6FC05C4}.Release|Any CPU.ActiveCfg = Release|Any CPU
		{7087F198-AD4C-41F6-B04A-0082B6FC05C4}.Release|Any CPU.Build.0 = Release|Any CPU
		{DF864C4B-0A35-4FC5-B0E0-2B9004AA2063}.Debug|Any CPU.ActiveCfg = Debug|Any CPU
		{DF864C4B-0A35-4FC5-B0E0-2B9004AA2063}.Debug|Any CPU.Build.0 = Debug|Any CPU
		{DF864C4B-0A35-4FC5-B0E0-2B9004AA2063}.Release|Any CPU.ActiveCfg = Release|Any CPU
		{DF864C4B-0A35-4FC5-B0E0-2B9004AA2063}.Release|Any CPU.Build.0 = Release|Any CPU
		{4B315D70-C9A2-4D82-A80F-ACF52D5D14E6}.Debug|Any CPU.ActiveCfg = Debug|Any CPU
		{4B315D70-C9A2-4D82-A80F-ACF52D5D14E6}.Debug|Any CPU.Build.0 = Debug|Any CPU
		{4B315D70-C9A2-4D82-A80F-ACF52D5D14E6}.Release|Any CPU.ActiveCfg = Release|Any CPU
		{4B315D70-C9A2-4D82-A80F-ACF52D5D14E6}.Release|Any CPU.Build.0 = Release|Any CPU
		{EC293597-488E-4598-BF30-BAA09D7AEBF0}.Debug|Any CPU.ActiveCfg = Debug|Any CPU
		{EC293597-488E-4598-BF30-BAA09D7AEBF0}.Debug|Any CPU.Build.0 = Debug|Any CPU
		{EC293597-488E-4598-BF30-BAA09D7AEBF0}.Release|Any CPU.ActiveCfg = Release|Any CPU
		{EC293597-488E-4598-BF30-BAA09D7AEBF0}.Release|Any CPU.Build.0 = Release|Any CPU
		{9A88CD7E-57A8-46E6-9E2D-CE30A7C49ECE}.Debug|Any CPU.ActiveCfg = Debug|Any CPU
		{9A88CD7E-57A8-46E6-9E2D-CE30A7C49ECE}.Debug|Any CPU.Build.0 = Debug|Any CPU
		{9A88CD7E-57A8-46E6-9E2D-CE30A7C49ECE}.Release|Any CPU.ActiveCfg = Release|Any CPU
		{9A88CD7E-57A8-46E6-9E2D-CE30A7C49ECE}.Release|Any CPU.Build.0 = Release|Any CPU
		{A70F8BAD-2903-4AD0-AD30-8D04FC6AA94C}.Debug|Any CPU.ActiveCfg = Debug|Any CPU
		{A70F8BAD-2903-4AD0-AD30-8D04FC6AA94C}.Debug|Any CPU.Build.0 = Debug|Any CPU
		{A70F8BAD-2903-4AD0-AD30-8D04FC6AA94C}.Release|Any CPU.ActiveCfg = Release|Any CPU
		{A70F8BAD-2903-4AD0-AD30-8D04FC6AA94C}.Release|Any CPU.Build.0 = Release|Any CPU
		{720934EF-BEA1-4740-A3FC-BB8ACFCE7E4F}.Debug|Any CPU.ActiveCfg = Debug|Any CPU
		{720934EF-BEA1-4740-A3FC-BB8ACFCE7E4F}.Debug|Any CPU.Build.0 = Debug|Any CPU
		{720934EF-BEA1-4740-A3FC-BB8ACFCE7E4F}.Release|Any CPU.ActiveCfg = Release|Any CPU
		{720934EF-BEA1-4740-A3FC-BB8ACFCE7E4F}.Release|Any CPU.Build.0 = Release|Any CPU
		{646CAB54-6221-4795-9BB0-0C205A5BB148}.Debug|Any CPU.ActiveCfg = Debug|Any CPU
		{646CAB54-6221-4795-9BB0-0C205A5BB148}.Debug|Any CPU.Build.0 = Debug|Any CPU
		{646CAB54-6221-4795-9BB0-0C205A5BB148}.Release|Any CPU.ActiveCfg = Release|Any CPU
		{646CAB54-6221-4795-9BB0-0C205A5BB148}.Release|Any CPU.Build.0 = Release|Any CPU
		{248D6700-787C-48D8-B5D8-665A7AC115BD}.Debug|Any CPU.ActiveCfg = Debug|Any CPU
		{248D6700-787C-48D8-B5D8-665A7AC115BD}.Debug|Any CPU.Build.0 = Debug|Any CPU
		{248D6700-787C-48D8-B5D8-665A7AC115BD}.Release|Any CPU.ActiveCfg = Release|Any CPU
		{248D6700-787C-48D8-B5D8-665A7AC115BD}.Release|Any CPU.Build.0 = Release|Any CPU
		{08AAC2F6-30D6-4479-A2C0-EB5F4F16A0D4}.Debug|Any CPU.ActiveCfg = Debug|Any CPU
		{08AAC2F6-30D6-4479-A2C0-EB5F4F16A0D4}.Debug|Any CPU.Build.0 = Debug|Any CPU
		{08AAC2F6-30D6-4479-A2C0-EB5F4F16A0D4}.Release|Any CPU.ActiveCfg = Release|Any CPU
		{08AAC2F6-30D6-4479-A2C0-EB5F4F16A0D4}.Release|Any CPU.Build.0 = Release|Any CPU
		{39B313AB-CF0B-4121-B458-A849C98C493B}.Debug|Any CPU.ActiveCfg = Debug|Any CPU
		{39B313AB-CF0B-4121-B458-A849C98C493B}.Debug|Any CPU.Build.0 = Debug|Any CPU
		{39B313AB-CF0B-4121-B458-A849C98C493B}.Release|Any CPU.ActiveCfg = Release|Any CPU
		{39B313AB-CF0B-4121-B458-A849C98C493B}.Release|Any CPU.Build.0 = Release|Any CPU
		{29C0B079-5386-42DA-8316-660B9F11518F}.Debug|Any CPU.ActiveCfg = Debug|Any CPU
		{29C0B079-5386-42DA-8316-660B9F11518F}.Debug|Any CPU.Build.0 = Debug|Any CPU
		{29C0B079-5386-42DA-8316-660B9F11518F}.Release|Any CPU.ActiveCfg = Release|Any CPU
		{29C0B079-5386-42DA-8316-660B9F11518F}.Release|Any CPU.Build.0 = Release|Any CPU
	EndGlobalSection
	GlobalSection(SolutionProperties) = preSolution
		HideSolutionNode = FALSE
	EndGlobalSection
	GlobalSection(NestedProjects) = preSolution
		{CFA1B143-347A-477E-96C7-9F2010FD0EEA} = {5FA06537-1D47-45E4-9E8D-08F7D18E6DEB}
		{4FCC9DFE-DDED-4E96-B679-8C21BBDE23F6} = {5FA06537-1D47-45E4-9E8D-08F7D18E6DEB}
		{1E44B49E-8949-4CE8-AD4F-E361C16E4325} = {5FA06537-1D47-45E4-9E8D-08F7D18E6DEB}
		{7087F198-AD4C-41F6-B04A-0082B6FC05C4} = {2AB2A348-E36F-4FDE-911F-3E1E1F68F6AE}
		{DF864C4B-0A35-4FC5-B0E0-2B9004AA2063} = {2AB2A348-E36F-4FDE-911F-3E1E1F68F6AE}
		{4B315D70-C9A2-4D82-A80F-ACF52D5D14E6} = {2AB2A348-E36F-4FDE-911F-3E1E1F68F6AE}
		{EC293597-488E-4598-BF30-BAA09D7AEBF0} = {487DABA9-22D2-47DF-9093-58F6B60BDE4C}
		{9A88CD7E-57A8-46E6-9E2D-CE30A7C49ECE} = {487DABA9-22D2-47DF-9093-58F6B60BDE4C}
		{A70F8BAD-2903-4AD0-AD30-8D04FC6AA94C} = {487DABA9-22D2-47DF-9093-58F6B60BDE4C}
		{720934EF-BEA1-4740-A3FC-BB8ACFCE7E4F} = {21AD198E-9074-420F-BBAC-A3C5B3656A3B}
		{646CAB54-6221-4795-9BB0-0C205A5BB148} = {21AD198E-9074-420F-BBAC-A3C5B3656A3B}
		{248D6700-787C-48D8-B5D8-665A7AC115BD} = {21AD198E-9074-420F-BBAC-A3C5B3656A3B}
		{08AAC2F6-30D6-4479-A2C0-EB5F4F16A0D4} = {F0316A4C-02F4-4D5F-B833-2D7751D50EC7}
		{39B313AB-CF0B-4121-B458-A849C98C493B} = {F0316A4C-02F4-4D5F-B833-2D7751D50EC7}
		{29C0B079-5386-42DA-8316-660B9F11518F} = {F0316A4C-02F4-4D5F-B833-2D7751D50EC7}
	EndGlobalSection
	GlobalSection(ExtensibilityGlobals) = postSolution
		SolutionGuid = {B798FDE4-6A5A-445F-A93A-A16D4C326922}
	EndGlobalSection
EndGlobal
